
Microsoft Visual Studio Solution File, Format Version 12.00
# Visual Studio Version 16
VisualStudioVersion = 16.0.31729.503
MinimumVisualStudioVersion = 10.0.40219.1
Project("{9A19103F-16F7-4668-BE54-9A1E7A4F7556}") = "TestAPICall", "TestAPICall\TestAPICall.csproj", "{C5D94C8C-C2A3-4B69-9039-08C3C69EAD48}"
EndProject
Global
	GlobalSection(SolutionConfigurationPlatforms) = preSolution
		Debug|Any CPU = Debug|Any CPU
		Release|Any CPU = Release|Any CPU
	EndGlobalSection
	GlobalSection(ProjectConfigurationPlatforms) = postSolution
		{C5D94C8C-C2A3-4B69-9039-08C3C69EAD48}.Debug|Any CPU.ActiveCfg = Debug|Any CPU
		{C5D94C8C-C2A3-4B69-9039-08C3C69EAD48}.Debug|Any CPU.Build.0 = Debug|Any CPU
		{C5D94C8C-C2A3-4B69-9039-08C3C69EAD48}.Release|Any CPU.ActiveCfg = Release|Any CPU
		{C5D94C8C-C2A3-4B69-9039-08C3C69EAD48}.Release|Any CPU.Build.0 = Release|Any CPU
	EndGlobalSection
	GlobalSection(SolutionProperties) = preSolution
		HideSolutionNode = FALSE
	EndGlobalSection
	GlobalSection(ExtensibilityGlobals) = postSolution
		SolutionGuid = {F89D0E6F-C8E6-4E42-B3DB-E2F9FA7BD03A}
	EndGlobalSection
EndGlobal
